{
  "name": "moore-curve-cli",
  "version": "1.1.0",
  "lockfileVersion": 2,
  "requires": true,
  "packages": {
    "": {
      "name": "moore-curve-cli",
      "version": "1.1.0",
      "license": "MIT",
      "dependencies": {
        "hilbert-curve-cli": "1.2.1"
      },
      "bin": {
        "moore-curve-cli": "src/cli.js"
      }
    },
    "node_modules/hilbert-curve-cli": {
      "version": "1.2.1",
      "resolved": "https://registry.npmjs.org/hilbert-curve-cli/-/hilbert-curve-cli-1.2.1.tgz",
      "integrity": "sha512-qmwqFDhg2EBmNdCsXVwg0H+n9hmlf5wgcT44BJkMAxPhWb0+4HmDhP5j4lFdWkmEHlsnIrKxDVf5AXUVRnv6Pw==",
      "bin": {
        "hilbert-curve-cli": "src/cli.js"
      }
    }
  },
  "dependencies": {
    "hilbert-curve-cli": {
      "version": "1.2.1",
      "resolved": "https://registry.npmjs.org/hilbert-curve-cli/-/hilbert-curve-cli-1.2.1.tgz",
      "integrity": "sha512-qmwqFDhg2EBmNdCsXVwg0H+n9hmlf5wgcT44BJkMAxPhWb0+4HmDhP5j4lFdWkmEHlsnIrKxDVf5AXUVRnv6Pw=="
    }
  }
}
