{
  "name": "moore-curve-cli",
  "version": "1.1.2",
  "lockfileVersion": 2,
  "requires": true,
  "packages": {
    "": {
      "name": "moore-curve-cli",
      "version": "1.1.2",
      "license": "MIT",
      "dependencies": {
        "hilbert-curve-cli": "1.2.3"
      },
      "bin": {
        "moore-curve-cli": "src/cli.js"
      }
    },
    "node_modules/hilbert-curve-cli": {
      "version": "1.2.3",
      "resolved": "https://registry.npmjs.org/hilbert-curve-cli/-/hilbert-curve-cli-1.2.3.tgz",
      "integrity": "sha512-e2+ZgtebuA886G1MoXdfVMDKKhlKkOu5xE18GXMTxzjI05ftq/PsEKDHKiPiHwWbGANbm+wR2ZwkbSve1HTVkA==",
      "bin": {
        "hilbert-curve-cli": "src/cli.js"
      }
    }
  },
  "dependencies": {
    "hilbert-curve-cli": {
      "version": "1.2.3",
      "resolved": "https://registry.npmjs.org/hilbert-curve-cli/-/hilbert-curve-cli-1.2.3.tgz",
      "integrity": "sha512-e2+ZgtebuA886G1MoXdfVMDKKhlKkOu5xE18GXMTxzjI05ftq/PsEKDHKiPiHwWbGANbm+wR2ZwkbSve1HTVkA=="
    }
  }
}
