{
  "name": "moore-curve-cli",
  "version": "1.2.0",
  "lockfileVersion": 2,
  "requires": true,
  "packages": {
    "": {
      "name": "moore-curve-cli",
      "version": "1.2.0",
      "license": "MIT",
      "dependencies": {
        "hilbert-curve-cli": "1.3.0"
      },
      "bin": {
        "moore-curve-cli": "src/cli.js"
      }
    },
    "node_modules/hilbert-curve-cli": {
      "version": "1.3.0",
      "resolved": "https://registry.npmjs.org/hilbert-curve-cli/-/hilbert-curve-cli-1.3.0.tgz",
      "integrity": "sha512-XvhVu6/nr5hgCU9XW+ZRjD9hv+RUT2+tHR9ebAP74Zqvl6h+qUb5pV1ZM8c1JpzTFXs+aGLsw6+2/PQLqx9yTw==",
      "bin": {
        "hilbert-curve-cli": "src/cli.js"
      }
    }
  },
  "dependencies": {
    "hilbert-curve-cli": {
      "version": "1.3.0",
      "resolved": "https://registry.npmjs.org/hilbert-curve-cli/-/hilbert-curve-cli-1.3.0.tgz",
      "integrity": "sha512-XvhVu6/nr5hgCU9XW+ZRjD9hv+RUT2+tHR9ebAP74Zqvl6h+qUb5pV1ZM8c1JpzTFXs+aGLsw6+2/PQLqx9yTw=="
    }
  }
}
